<Solution>
  <Folder Name="/DefaultTemplates/">
    <File Path="DefaultTemplates/ABOUT.md" />
  </Folder>
  <Folder Name="/Dlls/">
    <File Path="Dlls/ABOUT.md" />
  </Folder>
  <Folder Name="/Documentation/">
    <File Path="Documentation/ABOUT.md" />
  </Folder>
  <Folder Name="/Internal/">
    <File Path="Internal/.editorconfig" />
    <Project Path="QAction_Helper/QAction_Helper.csproj" />
  </Folder>
  <Folder Name="/Internal/Code Analysis/">
    <File Path="Internal/Code Analysis/qaction-debug.ruleset" />
    <File Path="Internal/Code Analysis/qaction-release.ruleset" />
    <File Path="Internal/Code Analysis/stylecop.json" />
  </Folder>
  <Folder Name="/QActions/">
    <Project Path="QAction_1/QAction_1.csproj" />
    <Project Path="QAction_3/QAction_3.csproj" />
    <Project Path="QAction_4/QAction_4.csproj" />
    <Project Path="QAction_5/QAction_5.csproj" />
    <Project Path="QAction_6/QAction_6.csproj" />
    <Project Path="QAction_7/QAction_7.csproj" />
    <Project Path="QAction_8/QAction_8.csproj" />
  </Folder>
  <Folder Name="/Solution Items/">
    <File Path="protocol.xml" />
  </Folder>
  <Folder Name="/Tests/" />
  <Project Path="CoinMarketCapTests/CoinMarketCapTests.csproj" Id="fb7d334b-8120-4fa0-97c7-feb298474219" />
</Solution>
