<Solution>
  <Folder Name="/DefaultTemplates/">
    <File Path="DefaultTemplates/ABOUT.md" />
  </Folder>
  <Folder Name="/Dlls/">
    <File Path="Dlls/ABOUT.md" />
  </Folder>
  <Folder Name="/Documentation/">
    <File Path="Documentation/ABOUT.md" />
  </Folder>
  <Folder Name="/Internal/">
    <File Path="Internal/.editorconfig" />
    <Project Path="QAction_Helper/QAction_Helper.csproj" />
  </Folder>
  <Folder Name="/Internal/Code Analysis/">
    <File Path="Internal/Code Analysis/qaction-debug.ruleset" />
    <File Path="Internal/Code Analysis/qaction-release.ruleset" />
    <File Path="Internal/Code Analysis/stylecop.json" />
  </Folder>
  <Folder Name="/QActions/">
    <Project Path="QAction_1/QAction_1.csproj" />
    <Project Path="QAction_101/QAction_101.csproj" />
    <Project Path="QAction_111/QAction_111.csproj" />
    <Project Path="QAction_121/QAction_121.csproj" />
    <Project Path="QAction_131/QAction_131.csproj" />
    <Project Path="QAction_209/QAction_209.csproj" />
    <Project Path="QAction_21/QAction_21.csproj" />
  </Folder>
  <Folder Name="/Solution Items/">
    <File Path="protocol.xml" />
  </Folder>
  <Folder Name="/Tests/">
    <Project Path="CoinMarketCapTest/CoinMarketCapTest.csproj" Id="8241cea8-e36c-4e96-998e-d97b018ded86" />
  </Folder>
</Solution>
